{
  "lockfile_version": "1",
  "packages": {
    "awscli2@latest": {
      "last_modified": "2025-10-10T13:35:32Z",
      "resolved": "github:NixOS/nixpkgs/870493f9a8cb0b074ae5b411b2f232015db19a65#awscli2",
      "source": "devbox-search",
      "version": "2.31.11",
      "systems": {
        "aarch64-darwin": {
          "outputs": [
            {
              "name": "out",
              "path": "/nix/store/s3zpxj9jghslnb8gj8wc92xk63zibp15-awscli2-2.31.11",
              "default": true
            },
            {
              "name": "dist",
              "path": "/nix/store/9ch11wlbdmi418p4f2rmds5ds5jfz0d5-awscli2-2.31.11-dist"
            }
          ],
          "store_path": "/nix/store/s3zpxj9jghslnb8gj8wc92xk63zibp15-awscli2-2.31.11"
        },
        "aarch64-linux": {
          "outputs": [
            {
              "name": "out",
              "path": "/nix/store/3mb3aariwhxay0yhwg8f4d8y7nfmm607-awscli2-2.31.11",
              "default": true
            },
            {
              "name": "dist",
              "path": "/nix/store/y3y7lyhc6wwbyqddrirp1jzha36j70wr-awscli2-2.31.11-dist"
            }
          ],
          "store_path": "/nix/store/3mb3aariwhxay0yhwg8f4d8y7nfmm607-awscli2-2.31.11"
        },
        "x86_64-darwin": {
          "outputs": [
            {
              "name": "out",
              "path": "/nix/store/xnxpskvyhn3yd6bp3l6m615v1qxqfhsf-awscli2-2.31.11",
              "default": true
            },
            {
              "name": "dist",
              "path": "/nix/store/d5v64a51fy097822p9971xkgxyffaa34-awscli2-2.31.11-dist"
            }
          ],
          "store_path": "/nix/store/xnxpskvyhn3yd6bp3l6m615v1qxqfhsf-awscli2-2.31.11"
        },
        "x86_64-linux": {
          "outputs": [
            {
              "name": "out",
              "path": "/nix/store/6gm80073h4id6knkh3j23jm7qhr029lb-awscli2-2.31.11",
              "default": true
            },
            {
              "name": "dist",
              "path": "/nix/store/z56vymjzsn57hjldwigfpjmxc5mrv07i-awscli2-2.31.11-dist"
            }
          ],
          "store_path": "/nix/store/6gm80073h4id6knkh3j23jm7qhr029lb-awscli2-2.31.11"
        }
      }
    },
    "cdrtools@latest": {
      "last_modified": "2025-10-22T20:59:19Z",
      "resolved": "github:NixOS/nixpkgs/01b6809f7f9d1183a2b3e081f0a1e6f8f415cb09#cdrtools",
      "source": "devbox-search",
      "version": "3.02a09",
      "systems": {
        "aarch64-darwin": {
          "outputs": [
            {
              "name": "out",
              "path": "/nix/store/2mzn02r5jiz352d0a545jbglj76rfqb7-cdrtools-3.02a09",
              "default": true
            }
          ],
          "store_path": "/nix/store/2mzn02r5jiz352d0a545jbglj76rfqb7-cdrtools-3.02a09"
        },
        "aarch64-linux": {
          "outputs": [
            {
              "name": "out",
              "path": "/nix/store/7yjx28xrkzzjvpvskr8ylrax5i3mvfav-cdrtools-3.02a09",
              "default": true
            }
          ],
          "store_path": "/nix/store/7yjx28xrkzzjvpvskr8ylrax5i3mvfav-cdrtools-3.02a09"
        },
        "x86_64-darwin": {
          "outputs": [
            {
              "name": "out",
              "path": "/nix/store/1yqki55q6mqzd4va4jynlzy4i13jyrjq-cdrtools-3.02a09",
              "default": true
            }
          ],
          "store_path": "/nix/store/1yqki55q6mqzd4va4jynlzy4i13jyrjq-cdrtools-3.02a09"
        },
        "x86_64-linux": {
          "outputs": [
            {
              "name": "out",
              "path": "/nix/store/svsmz8f0q764jb47byhp8w67v83qbayb-cdrtools-3.02a09",
              "default": true
            }
          ],
          "store_path": "/nix/store/svsmz8f0q764jb47byhp8w67v83qbayb-cdrtools-3.02a09"
        }
      }
    },
    "github:NixOS/nixpkgs/nixpkgs-unstable": {
      "last_modified": "2025-10-31T03:13:32Z",
      "resolved": "github:NixOS/nixpkgs/a7fc11be66bdfb5cdde611ee5ce381c183da8386?lastModified=1761880412&narHash=sha256-QoJjGd4NstnyOG4mm4KXF%2BweBzA2AH%2F7gn1Pmpfcb0A%3D"
    },
    "go-task@latest": {
      "last_modified": "2025-10-07T08:41:47Z",
      "resolved": "github:NixOS/nixpkgs/bce5fe2bb998488d8e7e7856315f90496723793c#go-task",
      "source": "devbox-search",
      "version": "3.45.4",
      "systems": {
        "aarch64-darwin": {
          "outputs": [
            {
              "name": "out",
              "path": "/nix/store/jpyzi7ph07mxn64vr684rn4sn81rmdbv-go-task-3.45.4",
              "default": true
            }
          ],
          "store_path": "/nix/store/jpyzi7ph07mxn64vr684rn4sn81rmdbv-go-task-3.45.4"
        },
        "aarch64-linux": {
          "outputs": [
            {
              "name": "out",
              "path": "/nix/store/bhkmm0w7wmgncwvn8gmbsn254n0r9app-go-task-3.45.4",
              "default": true
            }
          ],
          "store_path": "/nix/store/bhkmm0w7wmgncwvn8gmbsn254n0r9app-go-task-3.45.4"
        },
        "x86_64-darwin": {
          "outputs": [
            {
              "name": "out",
              "path": "/nix/store/pv4fd2995ys0dd4rvsqcn6cd2q2qi98s-go-task-3.45.4",
              "default": true
            }
          ],
          "store_path": "/nix/store/pv4fd2995ys0dd4rvsqcn6cd2q2qi98s-go-task-3.45.4"
        },
        "x86_64-linux": {
          "outputs": [
            {
              "name": "out",
              "path": "/nix/store/535z3a3p7hwdg4g3w4f4ssq44vnqsxqh-go-task-3.45.4",
              "default": true
            }
          ],
          "store_path": "/nix/store/535z3a3p7hwdg4g3w4f4ssq44vnqsxqh-go-task-3.45.4"
        }
      }
    },
    "hugo@latest": {
      "last_modified": "2025-11-23T21:50:36Z",
      "resolved": "github:NixOS/nixpkgs/ee09932cedcef15aaf476f9343d1dea2cb77e261#hugo",
      "source": "devbox-search",
      "version": "0.152.2",
      "systems": {
        "aarch64-darwin": {
          "outputs": [
            {
              "name": "out",
              "path": "/nix/store/w7i107m90gn3aiq35jbgq6lbnlsxpz4s-hugo-0.152.2",
              "default": true
            }
          ],
          "store_path": "/nix/store/w7i107m90gn3aiq35jbgq6lbnlsxpz4s-hugo-0.152.2"
        },
        "aarch64-linux": {
          "outputs": [
            {
              "name": "out",
              "path": "/nix/store/5mjq7a6y3axm5014zh28jyji3mpi5wrl-hugo-0.152.2",
              "default": true
            }
          ],
          "store_path": "/nix/store/5mjq7a6y3axm5014zh28jyji3mpi5wrl-hugo-0.152.2"
        },
        "x86_64-darwin": {
          "outputs": [
            {
              "name": "out",
              "path": "/nix/store/3qw3lqh4ap709f93xgbhpw6xm6qjdqza-hugo-0.152.2",
              "default": true
            }
          ],
          "store_path": "/nix/store/3qw3lqh4ap709f93xgbhpw6xm6qjdqza-hugo-0.152.2"
        },
        "x86_64-linux": {
          "outputs": [
            {
              "name": "out",
              "path": "/nix/store/22bglxh2smwy0b4rpqq88kbq4zvdq6lq-hugo-0.152.2",
              "default": true
            }
          ],
          "store_path": "/nix/store/22bglxh2smwy0b4rpqq88kbq4zvdq6lq-hugo-0.152.2"
        }
      }
    },
    "kubecm@latest": {
      "last_modified": "2025-10-07T08:41:47Z",
      "resolved": "github:NixOS/nixpkgs/bce5fe2bb998488d8e7e7856315f90496723793c#kubecm",
      "source": "devbox-search",
      "version": "0.33.1",
      "systems": {
        "aarch64-darwin": {
          "outputs": [
            {
              "name": "out",
              "path": "/nix/store/fjj02c6vp5hnfrw3x2m1aaj9g0cp1wgz-kubecm-0.33.1",
              "default": true
            }
          ],
          "store_path": "/nix/store/fjj02c6vp5hnfrw3x2m1aaj9g0cp1wgz-kubecm-0.33.1"
        },
        "aarch64-linux": {
          "outputs": [
            {
              "name": "out",
              "path": "/nix/store/2q4jm3ih0vca332bgwb1yfxm589pwmk1-kubecm-0.33.1",
              "default": true
            }
          ],
          "store_path": "/nix/store/2q4jm3ih0vca332bgwb1yfxm589pwmk1-kubecm-0.33.1"
        },
        "x86_64-darwin": {
          "outputs": [
            {
              "name": "out",
              "path": "/nix/store/sq0sshhm0iygcngh7fvscgf1xv05zla5-kubecm-0.33.1",
              "default": true
            }
          ],
          "store_path": "/nix/store/sq0sshhm0iygcngh7fvscgf1xv05zla5-kubecm-0.33.1"
        },
        "x86_64-linux": {
          "outputs": [
            {
              "name": "out",
              "path": "/nix/store/61jb8pvf25jrm31cccv7pcjl0rpgpqv8-kubecm-0.33.1",
              "default": true
            }
          ],
          "store_path": "/nix/store/61jb8pvf25jrm31cccv7pcjl0rpgpqv8-kubecm-0.33.1"
        }
      }
    },
    "kubectl@latest": {
      "last_modified": "2025-10-07T08:41:47Z",
      "resolved": "github:NixOS/nixpkgs/bce5fe2bb998488d8e7e7856315f90496723793c#kubectl",
      "source": "devbox-search",
      "version": "1.34.1",
      "systems": {
        "aarch64-darwin": {
          "outputs": [
            {
              "name": "out",
              "path": "/nix/store/2ih54prydy1k2s0zsjhkplk8sgcj95kc-kubectl-1.34.1",
              "default": true
            },
            {
              "name": "man",
              "path": "/nix/store/3rvrkr29q5rsb9scrxaw7bnxqplj8lzc-kubectl-1.34.1-man",
              "default": true
            },
            {
              "name": "convert",
              "path": "/nix/store/3xinznz678q5layrhy76q8chl9g7q0m6-kubectl-1.34.1-convert"
            }
          ],
          "store_path": "/nix/store/2ih54prydy1k2s0zsjhkplk8sgcj95kc-kubectl-1.34.1"
        },
        "aarch64-linux": {
          "outputs": [
            {
              "name": "out",
              "path": "/nix/store/kwyzcnrnmp32rh8yamhckddjnsyb7wv8-kubectl-1.34.1",
              "default": true
            },
            {
              "name": "man",
              "path": "/nix/store/1lib1cii7f7ks82bgq3shf3pa4bvfwlw-kubectl-1.34.1-man",
              "default": true
            },
            {
              "name": "convert",
              "path": "/nix/store/b2i2xpyf726nvf0wznanvk9wx4kyhxn0-kubectl-1.34.1-convert"
            }
          ],
          "store_path": "/nix/store/kwyzcnrnmp32rh8yamhckddjnsyb7wv8-kubectl-1.34.1"
        },
        "x86_64-darwin": {
          "outputs": [
            {
              "name": "out",
              "path": "/nix/store/nsldgqqryn057z8356yip0lxnhhn7azy-kubectl-1.34.1",
              "default": true
            },
            {
              "name": "man",
              "path": "/nix/store/97ky0g57awcjskva2zyyczqvg5ab9iq4-kubectl-1.34.1-man",
              "default": true
            },
            {
              "name": "convert",
              "path": "/nix/store/wwy8yalmwwz6m2rjc2fasdihc83gh9kv-kubectl-1.34.1-convert"
            }
          ],
          "store_path": "/nix/store/nsldgqqryn057z8356yip0lxnhhn7azy-kubectl-1.34.1"
        },
        "x86_64-linux": {
          "outputs": [
            {
              "name": "out",
              "path": "/nix/store/5fs5bi2b03j7b1s05h317iszhm8q23x7-kubectl-1.34.1",
              "default": true
            },
            {
              "name": "man",
              "path": "/nix/store/zsl5hlc1rgy52ljdkl0f5vfcp4vfs9gr-kubectl-1.34.1-man",
              "default": true
            },
            {
              "name": "convert",
              "path": "/nix/store/0xapfmzqh1lwmm7xkwca43k5pr65p32b-kubectl-1.34.1-convert"
            }
          ],
          "store_path": "/nix/store/5fs5bi2b03j7b1s05h317iszhm8q23x7-kubectl-1.34.1"
        }
      }
    },
    "kustomize@latest": {
      "last_modified": "2025-10-07T08:41:47Z",
      "resolved": "github:NixOS/nixpkgs/bce5fe2bb998488d8e7e7856315f90496723793c#kustomize",
      "source": "devbox-search",
      "version": "5.7.1",
      "systems": {
        "aarch64-darwin": {
          "outputs": [
            {
              "name": "out",
              "path": "/nix/store/n2laq06rwha0rw27jjmxhmwj04lv6409-kustomize-5.7.1",
              "default": true
            }
          ],
          "store_path": "/nix/store/n2laq06rwha0rw27jjmxhmwj04lv6409-kustomize-5.7.1"
        },
        "aarch64-linux": {
          "outputs": [
            {
              "name": "out",
              "path": "/nix/store/1bi3ifnqrpd3xz4m8bp2xp1831cgfks9-kustomize-5.7.1",
              "default": true
            }
          ],
          "store_path": "/nix/store/1bi3ifnqrpd3xz4m8bp2xp1831cgfks9-kustomize-5.7.1"
        },
        "x86_64-darwin": {
          "outputs": [
            {
              "name": "out",
              "path": "/nix/store/qg25vz4vbgv5zd4d3jc5zlyh4cnpvc7n-kustomize-5.7.1",
              "default": true
            }
          ],
          "store_path": "/nix/store/qg25vz4vbgv5zd4d3jc5zlyh4cnpvc7n-kustomize-5.7.1"
        },
        "x86_64-linux": {
          "outputs": [
            {
              "name": "out",
              "path": "/nix/store/xsgmcbab2dsp6lqs9maw79d9cs0wc4nz-kustomize-5.7.1",
              "default": true
            }
          ],
          "store_path": "/nix/store/xsgmcbab2dsp6lqs9maw79d9cs0wc4nz-kustomize-5.7.1"
        }
      }
    },
    "packer@latest": {
      "last_modified": "2025-10-07T08:41:47Z",
      "resolved": "github:NixOS/nixpkgs/bce5fe2bb998488d8e7e7856315f90496723793c#packer",
      "source": "devbox-search",
      "version": "1.14.2",
      "systems": {
        "aarch64-darwin": {
          "outputs": [
            {
              "name": "out",
              "path": "/nix/store/ly6ax9bfwwqkypl3gkmb1cidf5q30viz-packer-1.14.2",
              "default": true
            }
          ],
          "store_path": "/nix/store/ly6ax9bfwwqkypl3gkmb1cidf5q30viz-packer-1.14.2"
        },
        "aarch64-linux": {
          "outputs": [
            {
              "name": "out",
              "path": "/nix/store/w6kj6bki22bykylbdr84cx7d9s9bka4y-packer-1.14.2",
              "default": true
            }
          ],
          "store_path": "/nix/store/w6kj6bki22bykylbdr84cx7d9s9bka4y-packer-1.14.2"
        },
        "x86_64-darwin": {
          "outputs": [
            {
              "name": "out",
              "path": "/nix/store/xg1y4gzzak9d3hypm6dvjw54hqkmv3by-packer-1.14.2",
              "default": true
            }
          ],
          "store_path": "/nix/store/xg1y4gzzak9d3hypm6dvjw54hqkmv3by-packer-1.14.2"
        },
        "x86_64-linux": {
          "outputs": [
            {
              "name": "out",
              "path": "/nix/store/crqqgq29pp5n2pbqr1y02jnx52mksgy0-packer-1.14.2",
              "default": true
            }
          ],
          "store_path": "/nix/store/crqqgq29pp5n2pbqr1y02jnx52mksgy0-packer-1.14.2"
        }
      }
    },
    "pre-commit@latest": {
      "last_modified": "2025-11-29T19:37:08Z",
      "resolved": "github:NixOS/nixpkgs/a09378c0108815dbf3961a0e085936f4146ec415#pre-commit",
      "source": "devbox-search",
      "version": "4.5.0",
      "systems": {
        "aarch64-darwin": {
          "outputs": [
            {
              "name": "out",
              "path": "/nix/store/kbsd895yi5zzlnnyzlb314kqzkjcxirm-pre-commit-4.5.0",
              "default": true
            },
            {
              "name": "dist",
              "path": "/nix/store/1laiwl4i8f23d7faqvxbcq954sxy247j-pre-commit-4.5.0-dist"
            }
          ],
          "store_path": "/nix/store/kbsd895yi5zzlnnyzlb314kqzkjcxirm-pre-commit-4.5.0"
        },
        "aarch64-linux": {
          "outputs": [
            {
              "name": "out",
              "path": "/nix/store/9wcnpjj79915r15cgahl7s9kz9s1d6cz-pre-commit-4.5.0",
              "default": true
            },
            {
              "name": "dist",
              "path": "/nix/store/7pwsavmn3fwpc06b88lxavlhjmmrp0jl-pre-commit-4.5.0-dist"
            }
          ],
          "store_path": "/nix/store/9wcnpjj79915r15cgahl7s9kz9s1d6cz-pre-commit-4.5.0"
        },
        "x86_64-darwin": {
          "outputs": [
            {
              "name": "out",
              "path": "/nix/store/vkbhfi3vphnas6347gbxsdh8pwnj5cl6-pre-commit-4.5.0",
              "default": true
            },
            {
              "name": "dist",
              "path": "/nix/store/pzkk3zs6wgq0d1dsm3ri24hxp7c81h1h-pre-commit-4.5.0-dist"
            }
          ],
          "store_path": "/nix/store/vkbhfi3vphnas6347gbxsdh8pwnj5cl6-pre-commit-4.5.0"
        },
        "x86_64-linux": {
          "outputs": [
            {
              "name": "out",
              "path": "/nix/store/hhzpwcr2r29603ygc147wr58vlkf4qv5-pre-commit-4.5.0",
              "default": true
            },
            {
              "name": "dist",
              "path": "/nix/store/n6dxcjwniqcgp9vqnypi82057brqz24w-pre-commit-4.5.0-dist"
            }
          ],
          "store_path": "/nix/store/hhzpwcr2r29603ygc147wr58vlkf4qv5-pre-commit-4.5.0"
        }
      }
    },
    "tenv@latest": {
      "last_modified": "2025-10-07T08:41:47Z",
      "resolved": "github:NixOS/nixpkgs/bce5fe2bb998488d8e7e7856315f90496723793c#tenv",
      "source": "devbox-search",
      "version": "4.7.21",
      "systems": {
        "aarch64-darwin": {
          "outputs": [
            {
              "name": "out",
              "path": "/nix/store/06ifpz6cf9bn94da244fly43avm54rqh-tenv-4.7.21",
              "default": true
            }
          ],
          "store_path": "/nix/store/06ifpz6cf9bn94da244fly43avm54rqh-tenv-4.7.21"
        },
        "aarch64-linux": {
          "outputs": [
            {
              "name": "out",
              "path": "/nix/store/d260hadwawkfq3qban9gn4ic9a37pvlj-tenv-4.7.21",
              "default": true
            }
          ],
          "store_path": "/nix/store/d260hadwawkfq3qban9gn4ic9a37pvlj-tenv-4.7.21"
        },
        "x86_64-darwin": {
          "outputs": [
            {
              "name": "out",
              "path": "/nix/store/57vwar77q2v30hj82daaa99rm1nmqs22-tenv-4.7.21",
              "default": true
            }
          ],
          "store_path": "/nix/store/57vwar77q2v30hj82daaa99rm1nmqs22-tenv-4.7.21"
        },
        "x86_64-linux": {
          "outputs": [
            {
              "name": "out",
              "path": "/nix/store/4hdkzbnwpxm5yb5wppxv032y57k7kifi-tenv-4.7.21",
              "default": true
            }
          ],
          "store_path": "/nix/store/4hdkzbnwpxm5yb5wppxv032y57k7kifi-tenv-4.7.21"
        }
      }
    },
    "terraform-docs@latest": {
      "last_modified": "2025-10-08T10:03:27Z",
      "resolved": "github:NixOS/nixpkgs/fb5cf53218b987f2703a5bbc292a030c0fe33443#terraform-docs",
      "source": "devbox-search",
      "version": "0.20.0",
      "systems": {
        "aarch64-darwin": {
          "outputs": [
            {
              "name": "out",
              "path": "/nix/store/zk54z4a4v9d0kqqyq03mr37qqfimlgcs-terraform-docs-0.20.0",
              "default": true
            }
          ],
          "store_path": "/nix/store/zk54z4a4v9d0kqqyq03mr37qqfimlgcs-terraform-docs-0.20.0"
        },
        "aarch64-linux": {
          "outputs": [
            {
              "name": "out",
              "path": "/nix/store/j0fznlcfga8jqzx5sp6s137i79zgpl69-terraform-docs-0.20.0",
              "default": true
            }
          ],
          "store_path": "/nix/store/j0fznlcfga8jqzx5sp6s137i79zgpl69-terraform-docs-0.20.0"
        },
        "x86_64-darwin": {
          "outputs": [
            {
              "name": "out",
              "path": "/nix/store/ipdqqni45z7fz3mzyfwbjdkvwmai2kjf-terraform-docs-0.20.0",
              "default": true
            }
          ],
          "store_path": "/nix/store/ipdqqni45z7fz3mzyfwbjdkvwmai2kjf-terraform-docs-0.20.0"
        },
        "x86_64-linux": {
          "outputs": [
            {
              "name": "out",
              "path": "/nix/store/n2f1il2npwjwrd2ipq24n5lnzajxk6ya-terraform-docs-0.20.0",
              "default": true
            }
          ],
          "store_path": "/nix/store/n2f1il2npwjwrd2ipq24n5lnzajxk6ya-terraform-docs-0.20.0"
        }
      }
    },
    "vault@latest": {
      "last_modified": "2025-10-08T10:03:27Z",
      "resolved": "github:NixOS/nixpkgs/fb5cf53218b987f2703a5bbc292a030c0fe33443#vault",
      "source": "devbox-search",
      "version": "1.20.4",
      "systems": {
        "aarch64-darwin": {
          "outputs": [
            {
              "name": "out",
              "path": "/nix/store/0xigkampydc711m7zhcnd4w6ssy1zbdr-vault-1.20.4",
              "default": true
            }
          ],
          "store_path": "/nix/store/0xigkampydc711m7zhcnd4w6ssy1zbdr-vault-1.20.4"
        },
        "aarch64-linux": {
          "outputs": [
            {
              "name": "out",
              "path": "/nix/store/1yz5yk6182rxmzzg1gsg0404jqhls6zr-vault-1.20.4",
              "default": true
            }
          ],
          "store_path": "/nix/store/1yz5yk6182rxmzzg1gsg0404jqhls6zr-vault-1.20.4"
        },
        "x86_64-darwin": {
          "outputs": [
            {
              "name": "out",
              "path": "/nix/store/00va2ckj68abi87l232lhj7cys6y3fmz-vault-1.20.4",
              "default": true
            }
          ],
          "store_path": "/nix/store/00va2ckj68abi87l232lhj7cys6y3fmz-vault-1.20.4"
        },
        "x86_64-linux": {
          "outputs": [
            {
              "name": "out",
              "path": "/nix/store/9xjjxy2jzqysns9s45cp9h2iaihdl24c-vault-1.20.4",
              "default": true
            }
          ],
          "store_path": "/nix/store/9xjjxy2jzqysns9s45cp9h2iaihdl24c-vault-1.20.4"
        }
      }
    }
  }
}
