{
  "lockfile_version": "1",
  "packages": {
    "ansible-lint@latest": {
      "last_modified": "2024-11-28T07:51:56Z",
      "resolved": "github:NixOS/nixpkgs/226216574ada4c3ecefcbbec41f39ce4655f78ef#ansible-lint",
      "source": "devbox-search",
      "version": "24.9.2",
      "systems": {
        "aarch64-darwin": {
          "outputs": [
            {
              "name": "out",
              "path": "/nix/store/ilaf4hb1iz5dkkdb236ihzg6spwv3xn5-ansible-lint-24.9.2",
              "default": true
            },
            {
              "name": "dist",
              "path": "/nix/store/id906gwhi4hq4sm80wsgy72pr7ny9mkz-ansible-lint-24.9.2-dist"
            }
          ],
          "store_path": "/nix/store/ilaf4hb1iz5dkkdb236ihzg6spwv3xn5-ansible-lint-24.9.2"
        },
        "aarch64-linux": {
          "outputs": [
            {
              "name": "out",
              "path": "/nix/store/pnl4rfphggypyiagaxhfkpgyi58lnbnr-ansible-lint-24.9.2",
              "default": true
            },
            {
              "name": "dist",
              "path": "/nix/store/9ag50nmyc0jpbr6bly7zgr94gzq27mwk-ansible-lint-24.9.2-dist"
            }
          ],
          "store_path": "/nix/store/pnl4rfphggypyiagaxhfkpgyi58lnbnr-ansible-lint-24.9.2"
        },
        "x86_64-darwin": {
          "outputs": [
            {
              "name": "out",
              "path": "/nix/store/5rmj5qw1lizkr40x5lg4y8s0n32qhc17-ansible-lint-24.9.2",
              "default": true
            },
            {
              "name": "dist",
              "path": "/nix/store/0wamgr1kw1xy91949wyd92n3yx6xrhq5-ansible-lint-24.9.2-dist"
            }
          ],
          "store_path": "/nix/store/5rmj5qw1lizkr40x5lg4y8s0n32qhc17-ansible-lint-24.9.2"
        },
        "x86_64-linux": {
          "outputs": [
            {
              "name": "out",
              "path": "/nix/store/bq1wqf10kfgab172jmpf34jawlalnf87-ansible-lint-24.9.2",
              "default": true
            },
            {
              "name": "dist",
              "path": "/nix/store/7wcy3jy4clgj60i82b5965db0pc3l60c-ansible-lint-24.9.2-dist"
            }
          ],
          "store_path": "/nix/store/bq1wqf10kfgab172jmpf34jawlalnf87-ansible-lint-24.9.2"
        }
      }
    },
    "ansible@2.17.6": {
      "last_modified": "2024-12-03T12:40:06Z",
      "resolved": "github:NixOS/nixpkgs/566e53c2ad750c84f6d31f9ccb9d00f823165550#ansible",
      "source": "devbox-search",
      "version": "2.17.6",
      "systems": {
        "aarch64-darwin": {
          "outputs": [
            {
              "name": "out",
              "path": "/nix/store/n3a42671y8x2hmw1kj2h9x131k5z27l0-python3.12-ansible-core-2.17.6",
              "default": true
            },
            {
              "name": "dist",
              "path": "/nix/store/yvzwww35ry6gr1vb8j7lsfjm8hhy4k4f-python3.12-ansible-core-2.17.6-dist"
            }
          ],
          "store_path": "/nix/store/n3a42671y8x2hmw1kj2h9x131k5z27l0-python3.12-ansible-core-2.17.6"
        },
        "aarch64-linux": {
          "outputs": [
            {
              "name": "out",
              "path": "/nix/store/b7ny510blkywlg8xdz4nb5mmhgxfdz3c-python3.12-ansible-core-2.17.6",
              "default": true
            },
            {
              "name": "dist",
              "path": "/nix/store/5rgmrnpm26yayszw4fy8idga7jj8z8sa-python3.12-ansible-core-2.17.6-dist"
            }
          ],
          "store_path": "/nix/store/b7ny510blkywlg8xdz4nb5mmhgxfdz3c-python3.12-ansible-core-2.17.6"
        },
        "x86_64-darwin": {
          "outputs": [
            {
              "name": "out",
              "path": "/nix/store/240zxxvbkrv9hbq76p9hx09kv2g2gy5a-python3.12-ansible-core-2.17.6",
              "default": true
            },
            {
              "name": "dist",
              "path": "/nix/store/lm8hrjfxfrvnvm987ajzmjc116vmblfz-python3.12-ansible-core-2.17.6-dist"
            }
          ],
          "store_path": "/nix/store/240zxxvbkrv9hbq76p9hx09kv2g2gy5a-python3.12-ansible-core-2.17.6"
        },
        "x86_64-linux": {
          "outputs": [
            {
              "name": "out",
              "path": "/nix/store/qa1l5ydbij9hlz65ndd7kv9cxnkcz979-python3.12-ansible-core-2.17.6",
              "default": true
            },
            {
              "name": "dist",
              "path": "/nix/store/frcfadw6rrq9ncvacccvgzw92agkaxl0-python3.12-ansible-core-2.17.6-dist"
            }
          ],
          "store_path": "/nix/store/qa1l5ydbij9hlz65ndd7kv9cxnkcz979-python3.12-ansible-core-2.17.6"
        }
      }
    },
    "argocd@latest": {
      "last_modified": "2024-11-16T04:25:12Z",
      "resolved": "github:NixOS/nixpkgs/34a626458d686f1b58139620a8b2793e9e123bba#argocd",
      "source": "devbox-search",
      "version": "2.12.6",
      "systems": {
        "aarch64-darwin": {
          "outputs": [
            {
              "name": "out",
              "path": "/nix/store/skyxhnjpwnpklaa7sxv3yh0madrwirdn-argocd-2.12.6",
              "default": true
            }
          ],
          "store_path": "/nix/store/skyxhnjpwnpklaa7sxv3yh0madrwirdn-argocd-2.12.6"
        },
        "aarch64-linux": {
          "outputs": [
            {
              "name": "out",
              "path": "/nix/store/nddkdwvjl10h9yj78n69g14d0bbqz0r8-argocd-2.12.6",
              "default": true
            }
          ],
          "store_path": "/nix/store/nddkdwvjl10h9yj78n69g14d0bbqz0r8-argocd-2.12.6"
        },
        "x86_64-darwin": {
          "outputs": [
            {
              "name": "out",
              "path": "/nix/store/k93pfi0inp6brf8n9avy84m7lk12js02-argocd-2.12.6",
              "default": true
            }
          ],
          "store_path": "/nix/store/k93pfi0inp6brf8n9avy84m7lk12js02-argocd-2.12.6"
        },
        "x86_64-linux": {
          "outputs": [
            {
              "name": "out",
              "path": "/nix/store/9zgragb0dxfn4jhh5z0279pv6c437xrq-argocd-2.12.6",
              "default": true
            }
          ],
          "store_path": "/nix/store/9zgragb0dxfn4jhh5z0279pv6c437xrq-argocd-2.12.6"
        }
      }
    },
    "awscli2@latest": {
      "last_modified": "2024-11-04T15:55:45Z",
      "resolved": "github:NixOS/nixpkgs/a61cd8ff1b45f760bdf142914d517e0ccd31ffed#awscli2",
      "source": "devbox-search",
      "version": "2.19.0",
      "systems": {
        "aarch64-darwin": {
          "outputs": [
            {
              "name": "out",
              "path": "/nix/store/rpqdx3n8fp9cp2vs8x0r2m06iqk243b2-awscli2-2.19.0",
              "default": true
            },
            {
              "name": "dist",
              "path": "/nix/store/1sd1pmy1aj68irlbmmcsqkqyhigj13bf-awscli2-2.19.0-dist"
            }
          ],
          "store_path": "/nix/store/rpqdx3n8fp9cp2vs8x0r2m06iqk243b2-awscli2-2.19.0"
        },
        "aarch64-linux": {
          "outputs": [
            {
              "name": "out",
              "path": "/nix/store/s8j6909dm2jxm30mm4kwvx1yzx9j1zdx-awscli2-2.19.0",
              "default": true
            },
            {
              "name": "dist",
              "path": "/nix/store/rk0y37xd8icvl0jv0hbqaxjdgixybj4s-awscli2-2.19.0-dist"
            }
          ],
          "store_path": "/nix/store/s8j6909dm2jxm30mm4kwvx1yzx9j1zdx-awscli2-2.19.0"
        },
        "x86_64-darwin": {
          "outputs": [
            {
              "name": "out",
              "path": "/nix/store/pvqzkr6rw49bxnfnncc0bcjm78d08mrp-awscli2-2.19.0",
              "default": true
            },
            {
              "name": "dist",
              "path": "/nix/store/z00kiri11ag0qsx12dq9gq89wc1kr03x-awscli2-2.19.0-dist"
            }
          ],
          "store_path": "/nix/store/pvqzkr6rw49bxnfnncc0bcjm78d08mrp-awscli2-2.19.0"
        },
        "x86_64-linux": {
          "outputs": [
            {
              "name": "out",
              "path": "/nix/store/jwc2ry4yqflnniillxwzl1c4vqrwsjdg-awscli2-2.19.0",
              "default": true
            },
            {
              "name": "dist",
              "path": "/nix/store/l6gwpq8pyq0fpcnd5wcjymm9yxvkdb5f-awscli2-2.19.0-dist"
            }
          ],
          "store_path": "/nix/store/jwc2ry4yqflnniillxwzl1c4vqrwsjdg-awscli2-2.19.0"
        }
      }
    },
    "go-task@latest": {
      "last_modified": "2024-10-13T23:44:06Z",
      "resolved": "github:NixOS/nixpkgs/d4f247e89f6e10120f911e2e2d2254a050d0f732#go-task",
      "source": "devbox-search",
      "version": "3.39.2",
      "systems": {
        "aarch64-darwin": {
          "outputs": [
            {
              "name": "out",
              "path": "/nix/store/aqcr7jv0m2s8nz481ay310i0dh4mbj48-go-task-3.39.2",
              "default": true
            }
          ],
          "store_path": "/nix/store/aqcr7jv0m2s8nz481ay310i0dh4mbj48-go-task-3.39.2"
        },
        "aarch64-linux": {
          "outputs": [
            {
              "name": "out",
              "path": "/nix/store/08haalp24y68v0krddls5c18hcl6n80p-go-task-3.39.2",
              "default": true
            }
          ],
          "store_path": "/nix/store/08haalp24y68v0krddls5c18hcl6n80p-go-task-3.39.2"
        },
        "x86_64-darwin": {
          "outputs": [
            {
              "name": "out",
              "path": "/nix/store/n6qmzm7h0vdj87qz3bfay17cfrhm3bki-go-task-3.39.2",
              "default": true
            }
          ],
          "store_path": "/nix/store/n6qmzm7h0vdj87qz3bfay17cfrhm3bki-go-task-3.39.2"
        },
        "x86_64-linux": {
          "outputs": [
            {
              "name": "out",
              "path": "/nix/store/sxlbgmc56mkv64rn772rczpin8vjn6lp-go-task-3.39.2",
              "default": true
            }
          ],
          "store_path": "/nix/store/sxlbgmc56mkv64rn772rczpin8vjn6lp-go-task-3.39.2"
        }
      }
    },
    "k9s@latest": {
      "last_modified": "2024-11-16T04:25:12Z",
      "resolved": "github:NixOS/nixpkgs/34a626458d686f1b58139620a8b2793e9e123bba#k9s",
      "source": "devbox-search",
      "version": "0.32.5",
      "systems": {
        "aarch64-darwin": {
          "outputs": [
            {
              "name": "out",
              "path": "/nix/store/l6jkbgc4spqlpn7d4naxsrhgmk4gspvs-k9s-0.32.5",
              "default": true
            }
          ],
          "store_path": "/nix/store/l6jkbgc4spqlpn7d4naxsrhgmk4gspvs-k9s-0.32.5"
        },
        "aarch64-linux": {
          "outputs": [
            {
              "name": "out",
              "path": "/nix/store/hwjs39abc19jf30n3jfw4gjihbxqargx-k9s-0.32.5",
              "default": true
            }
          ],
          "store_path": "/nix/store/hwjs39abc19jf30n3jfw4gjihbxqargx-k9s-0.32.5"
        },
        "x86_64-darwin": {
          "outputs": [
            {
              "name": "out",
              "path": "/nix/store/dx0q0sva86kfl2z7k8k4i88jpn2p3bq2-k9s-0.32.5",
              "default": true
            }
          ],
          "store_path": "/nix/store/dx0q0sva86kfl2z7k8k4i88jpn2p3bq2-k9s-0.32.5"
        },
        "x86_64-linux": {
          "outputs": [
            {
              "name": "out",
              "path": "/nix/store/dcm12f47cmaqkhr8xca0nfab84sqadn6-k9s-0.32.5",
              "default": true
            }
          ],
          "store_path": "/nix/store/dcm12f47cmaqkhr8xca0nfab84sqadn6-k9s-0.32.5"
        }
      }
    },
    "kubecm@latest": {
      "last_modified": "2024-11-16T04:25:12Z",
      "resolved": "github:NixOS/nixpkgs/34a626458d686f1b58139620a8b2793e9e123bba#kubecm",
      "source": "devbox-search",
      "version": "0.32.0",
      "systems": {
        "aarch64-darwin": {
          "outputs": [
            {
              "name": "out",
              "path": "/nix/store/fmdn9nhvgkbb1p3j3486wghggjb9d6b5-kubecm-0.32.0",
              "default": true
            }
          ],
          "store_path": "/nix/store/fmdn9nhvgkbb1p3j3486wghggjb9d6b5-kubecm-0.32.0"
        },
        "aarch64-linux": {
          "outputs": [
            {
              "name": "out",
              "path": "/nix/store/b4jm1hjksy54va74nsk8fxcc19nrgxh6-kubecm-0.32.0",
              "default": true
            }
          ],
          "store_path": "/nix/store/b4jm1hjksy54va74nsk8fxcc19nrgxh6-kubecm-0.32.0"
        },
        "x86_64-darwin": {
          "outputs": [
            {
              "name": "out",
              "path": "/nix/store/p7j0frf31rl69q2dq70qdnik1d6acgqi-kubecm-0.32.0",
              "default": true
            }
          ],
          "store_path": "/nix/store/p7j0frf31rl69q2dq70qdnik1d6acgqi-kubecm-0.32.0"
        },
        "x86_64-linux": {
          "outputs": [
            {
              "name": "out",
              "path": "/nix/store/a82dnzh69gax8f691f77pv9cnx4kbcn4-kubecm-0.32.0",
              "default": true
            }
          ],
          "store_path": "/nix/store/a82dnzh69gax8f691f77pv9cnx4kbcn4-kubecm-0.32.0"
        }
      }
    },
    "kubectl@latest": {
      "last_modified": "2024-11-16T04:25:12Z",
      "resolved": "github:NixOS/nixpkgs/34a626458d686f1b58139620a8b2793e9e123bba#kubectl",
      "source": "devbox-search",
      "version": "1.31.2",
      "systems": {
        "aarch64-darwin": {
          "outputs": [
            {
              "name": "out",
              "path": "/nix/store/4y0isz580qj1gprqihb39jzvq1h3ys8d-kubectl-1.31.2",
              "default": true
            },
            {
              "name": "man",
              "path": "/nix/store/yn7jsawkgab95ly8wjzm7qk4axins9c0-kubectl-1.31.2-man",
              "default": true
            },
            {
              "name": "convert",
              "path": "/nix/store/mgfqyq94gz2rlfg7kfyxjhlxpd88rrx1-kubectl-1.31.2-convert"
            }
          ],
          "store_path": "/nix/store/4y0isz580qj1gprqihb39jzvq1h3ys8d-kubectl-1.31.2"
        },
        "aarch64-linux": {
          "outputs": [
            {
              "name": "out",
              "path": "/nix/store/cmmrb7hbq8rpcvw5isasab3nn2bs0hf5-kubectl-1.31.2",
              "default": true
            },
            {
              "name": "man",
              "path": "/nix/store/zvncfs48dhhnpfxzmqj1dlgmc0lra96a-kubectl-1.31.2-man",
              "default": true
            },
            {
              "name": "convert",
              "path": "/nix/store/sxlxrk1msbp2djzpblqn1h2p73vfc5fs-kubectl-1.31.2-convert"
            }
          ],
          "store_path": "/nix/store/cmmrb7hbq8rpcvw5isasab3nn2bs0hf5-kubectl-1.31.2"
        },
        "x86_64-darwin": {
          "outputs": [
            {
              "name": "out",
              "path": "/nix/store/8dfd5d7i3q0jvqgzc2775kl8b5pbh7g9-kubectl-1.31.2",
              "default": true
            },
            {
              "name": "man",
              "path": "/nix/store/7rvlb9k6bs623m3f7k3ay52n9bx6id1h-kubectl-1.31.2-man",
              "default": true
            },
            {
              "name": "convert",
              "path": "/nix/store/d6yjj3akz8dddmjzp2hz2lyd1fwqaqq9-kubectl-1.31.2-convert"
            }
          ],
          "store_path": "/nix/store/8dfd5d7i3q0jvqgzc2775kl8b5pbh7g9-kubectl-1.31.2"
        },
        "x86_64-linux": {
          "outputs": [
            {
              "name": "out",
              "path": "/nix/store/wjr8vcdjb25ja1q3nvzwnzf5qg6iv8iy-kubectl-1.31.2",
              "default": true
            },
            {
              "name": "man",
              "path": "/nix/store/66mlhapc0wawjz2v05116nkp02lxinkx-kubectl-1.31.2-man",
              "default": true
            },
            {
              "name": "convert",
              "path": "/nix/store/44dsmqkr8c3lp4j417nshswcf0mpj9i5-kubectl-1.31.2-convert"
            }
          ],
          "store_path": "/nix/store/wjr8vcdjb25ja1q3nvzwnzf5qg6iv8iy-kubectl-1.31.2"
        }
      }
    },
    "kustomize@latest": {
      "last_modified": "2024-11-16T04:25:12Z",
      "resolved": "github:NixOS/nixpkgs/34a626458d686f1b58139620a8b2793e9e123bba#kustomize",
      "source": "devbox-search",
      "version": "5.5.0",
      "systems": {
        "aarch64-darwin": {
          "outputs": [
            {
              "name": "out",
              "path": "/nix/store/97pzcar8sbmpd7mj2555iqr54lj3y0xb-kustomize-5.5.0",
              "default": true
            }
          ],
          "store_path": "/nix/store/97pzcar8sbmpd7mj2555iqr54lj3y0xb-kustomize-5.5.0"
        },
        "aarch64-linux": {
          "outputs": [
            {
              "name": "out",
              "path": "/nix/store/s9gszn1cqw4i7g34hm33w6ff7n0zi91j-kustomize-5.5.0",
              "default": true
            }
          ],
          "store_path": "/nix/store/s9gszn1cqw4i7g34hm33w6ff7n0zi91j-kustomize-5.5.0"
        },
        "x86_64-darwin": {
          "outputs": [
            {
              "name": "out",
              "path": "/nix/store/a5g11lri8g4kj8wawzy9vr2k9h02kmq6-kustomize-5.5.0",
              "default": true
            }
          ],
          "store_path": "/nix/store/a5g11lri8g4kj8wawzy9vr2k9h02kmq6-kustomize-5.5.0"
        },
        "x86_64-linux": {
          "outputs": [
            {
              "name": "out",
              "path": "/nix/store/xl8943vmy8169hri5igz0cqvl1d7z5mh-kustomize-5.5.0",
              "default": true
            }
          ],
          "store_path": "/nix/store/xl8943vmy8169hri5igz0cqvl1d7z5mh-kustomize-5.5.0"
        }
      }
    },
    "packer@latest": {
      "last_modified": "2024-10-13T23:44:06Z",
      "resolved": "github:NixOS/nixpkgs/d4f247e89f6e10120f911e2e2d2254a050d0f732#packer",
      "source": "devbox-search",
      "version": "1.11.2",
      "systems": {
        "aarch64-darwin": {
          "outputs": [
            {
              "name": "out",
              "path": "/nix/store/49m7z9qr8wrcsqbpg9qyzy08fggqxzrp-packer-1.11.2",
              "default": true
            }
          ],
          "store_path": "/nix/store/49m7z9qr8wrcsqbpg9qyzy08fggqxzrp-packer-1.11.2"
        },
        "aarch64-linux": {
          "outputs": [
            {
              "name": "out",
              "path": "/nix/store/n3a25l0sd2pnn5ki85r13f4fn8s6bdpj-packer-1.11.2",
              "default": true
            }
          ],
          "store_path": "/nix/store/n3a25l0sd2pnn5ki85r13f4fn8s6bdpj-packer-1.11.2"
        },
        "x86_64-darwin": {
          "outputs": [
            {
              "name": "out",
              "path": "/nix/store/7qfzybdc9qci5k9l4xxl6ysxl72grc0a-packer-1.11.2",
              "default": true
            }
          ],
          "store_path": "/nix/store/7qfzybdc9qci5k9l4xxl6ysxl72grc0a-packer-1.11.2"
        },
        "x86_64-linux": {
          "outputs": [
            {
              "name": "out",
              "path": "/nix/store/wxalr1yagqmw7h5zlybahdmmkqi0v4d4-packer-1.11.2",
              "default": true
            }
          ],
          "store_path": "/nix/store/wxalr1yagqmw7h5zlybahdmmkqi0v4d4-packer-1.11.2"
        }
      }
    },
    "python312Packages.boto3@latest": {
      "last_modified": "2024-11-16T04:25:12Z",
      "resolved": "github:NixOS/nixpkgs/34a626458d686f1b58139620a8b2793e9e123bba#python312Packages.boto3",
      "source": "devbox-search",
      "version": "1.35.30",
      "systems": {
        "aarch64-darwin": {
          "outputs": [
            {
              "name": "out",
              "path": "/nix/store/bdrywdsyd5fhg5vfiwvdldqlmyvg3ack-python3.12-boto3-1.35.30",
              "default": true
            },
            {
              "name": "dist",
              "path": "/nix/store/ri69lv662dzg9b0cjj2nb7j8z9z7y0q9-python3.12-boto3-1.35.30-dist"
            }
          ],
          "store_path": "/nix/store/bdrywdsyd5fhg5vfiwvdldqlmyvg3ack-python3.12-boto3-1.35.30"
        },
        "aarch64-linux": {
          "outputs": [
            {
              "name": "out",
              "path": "/nix/store/hy1iznzwdg9307qwlm02nwk741g7zcr6-python3.12-boto3-1.35.30",
              "default": true
            },
            {
              "name": "dist",
              "path": "/nix/store/p40a1b8jfn03f3d7kydvj5p0xasc3s86-python3.12-boto3-1.35.30-dist"
            }
          ],
          "store_path": "/nix/store/hy1iznzwdg9307qwlm02nwk741g7zcr6-python3.12-boto3-1.35.30"
        },
        "x86_64-darwin": {
          "outputs": [
            {
              "name": "out",
              "path": "/nix/store/v1n5gbv0j6y0bgmgn4chk7y6m7bg73ck-python3.12-boto3-1.35.30",
              "default": true
            },
            {
              "name": "dist",
              "path": "/nix/store/07l0a1wk309cd0f7nc8qvz8abkhk5iaw-python3.12-boto3-1.35.30-dist"
            }
          ],
          "store_path": "/nix/store/v1n5gbv0j6y0bgmgn4chk7y6m7bg73ck-python3.12-boto3-1.35.30"
        },
        "x86_64-linux": {
          "outputs": [
            {
              "name": "out",
              "path": "/nix/store/ajvqy7b8a5bpxnp7djah1w6lnb9hj9pn-python3.12-boto3-1.35.30",
              "default": true
            },
            {
              "name": "dist",
              "path": "/nix/store/psbmffdyfccvijrj48dml7ds1wnprvs3-python3.12-boto3-1.35.30-dist"
            }
          ],
          "store_path": "/nix/store/ajvqy7b8a5bpxnp7djah1w6lnb9hj9pn-python3.12-boto3-1.35.30"
        }
      }
    },
    "python312Packages.dnspython@latest": {
      "last_modified": "2025-02-07T11:26:36Z",
      "resolved": "github:NixOS/nixpkgs/d98abf5cf5914e5e4e9d57205e3af55ca90ffc1d#python312Packages.dnspython",
      "source": "devbox-search",
      "version": "2.7.0",
      "systems": {
        "aarch64-darwin": {
          "outputs": [
            {
              "name": "out",
              "path": "/nix/store/xw4dfz4wm21a33m9zvn5axq2qk1fsa6c-python3.12-dnspython-2.7.0",
              "default": true
            },
            {
              "name": "dist",
              "path": "/nix/store/bl8iwzvadfpx5ipy2dx58y4y5i7822j2-python3.12-dnspython-2.7.0-dist"
            }
          ],
          "store_path": "/nix/store/xw4dfz4wm21a33m9zvn5axq2qk1fsa6c-python3.12-dnspython-2.7.0"
        },
        "aarch64-linux": {
          "outputs": [
            {
              "name": "out",
              "path": "/nix/store/sb0xlw6d26w8kygm2y9z223q5zv24sq1-python3.12-dnspython-2.7.0",
              "default": true
            },
            {
              "name": "dist",
              "path": "/nix/store/8r4m0vvb163ncnj3p0fy0h6dnpqn04dv-python3.12-dnspython-2.7.0-dist"
            }
          ],
          "store_path": "/nix/store/sb0xlw6d26w8kygm2y9z223q5zv24sq1-python3.12-dnspython-2.7.0"
        },
        "x86_64-darwin": {
          "outputs": [
            {
              "name": "out",
              "path": "/nix/store/cw46s1r7dm3pgrdikrzjxf0n2anm8fkv-python3.12-dnspython-2.7.0",
              "default": true
            },
            {
              "name": "dist",
              "path": "/nix/store/4vnwddzwy7a7rgmyzm8kizzynj5djmhx-python3.12-dnspython-2.7.0-dist"
            }
          ],
          "store_path": "/nix/store/cw46s1r7dm3pgrdikrzjxf0n2anm8fkv-python3.12-dnspython-2.7.0"
        },
        "x86_64-linux": {
          "outputs": [
            {
              "name": "out",
              "path": "/nix/store/fd906l6psdq3n562ymh0ixixabddm4kd-python3.12-dnspython-2.7.0",
              "default": true
            },
            {
              "name": "dist",
              "path": "/nix/store/vwgjly8kqa45vinr2a5gg65681zlj4xj-python3.12-dnspython-2.7.0-dist"
            }
          ],
          "store_path": "/nix/store/fd906l6psdq3n562ymh0ixixabddm4kd-python3.12-dnspython-2.7.0"
        }
      }
    },
    "python312Packages.hvac@latest": {
      "last_modified": "2024-12-23T21:10:33Z",
      "resolved": "github:NixOS/nixpkgs/de1864217bfa9b5845f465e771e0ecb48b30e02d#python312Packages.hvac",
      "source": "devbox-search",
      "version": "2.3.0",
      "systems": {
        "aarch64-darwin": {
          "outputs": [
            {
              "name": "out",
              "path": "/nix/store/cp60dw4a09g4ab4cyll3whc2cdi36gsl-python3.12-hvac-2.3.0",
              "default": true
            },
            {
              "name": "dist",
              "path": "/nix/store/3g176qrqqsi9y2kqdwz27bw4dds31v76-python3.12-hvac-2.3.0-dist"
            }
          ],
          "store_path": "/nix/store/cp60dw4a09g4ab4cyll3whc2cdi36gsl-python3.12-hvac-2.3.0"
        },
        "aarch64-linux": {
          "outputs": [
            {
              "name": "out",
              "path": "/nix/store/d4bxl75rxmlyvdbrh0h9mqyjdswac114-python3.12-hvac-2.3.0",
              "default": true
            },
            {
              "name": "dist",
              "path": "/nix/store/vk57gsr3nbjbcl4gf1nq94qqr6d8y5f0-python3.12-hvac-2.3.0-dist"
            }
          ],
          "store_path": "/nix/store/d4bxl75rxmlyvdbrh0h9mqyjdswac114-python3.12-hvac-2.3.0"
        },
        "x86_64-darwin": {
          "outputs": [
            {
              "name": "out",
              "path": "/nix/store/9d3ml392fia51r098inlwzbb4y9madk7-python3.12-hvac-2.3.0",
              "default": true
            },
            {
              "name": "dist",
              "path": "/nix/store/8paf0la33lmji3nij2dkfaay5xaizn5x-python3.12-hvac-2.3.0-dist"
            }
          ],
          "store_path": "/nix/store/9d3ml392fia51r098inlwzbb4y9madk7-python3.12-hvac-2.3.0"
        },
        "x86_64-linux": {
          "outputs": [
            {
              "name": "out",
              "path": "/nix/store/77367nnbyx1aqbrf2azlmz1v9l36nx5d-python3.12-hvac-2.3.0",
              "default": true
            },
            {
              "name": "dist",
              "path": "/nix/store/mgjkd1mgc92nwpl89cqwcbinkzx4b6bm-python3.12-hvac-2.3.0-dist"
            }
          ],
          "store_path": "/nix/store/77367nnbyx1aqbrf2azlmz1v9l36nx5d-python3.12-hvac-2.3.0"
        }
      }
    },
    "tenv@latest": {
      "last_modified": "2024-10-13T23:44:06Z",
      "resolved": "github:NixOS/nixpkgs/d4f247e89f6e10120f911e2e2d2254a050d0f732#tenv",
      "source": "devbox-search",
      "version": "3.1.0",
      "systems": {
        "aarch64-darwin": {
          "outputs": [
            {
              "name": "out",
              "path": "/nix/store/hg8w35lqgx2ph2fl1ba8xhcw3rm88h1c-tenv-3.1.0",
              "default": true
            }
          ],
          "store_path": "/nix/store/hg8w35lqgx2ph2fl1ba8xhcw3rm88h1c-tenv-3.1.0"
        },
        "aarch64-linux": {
          "outputs": [
            {
              "name": "out",
              "path": "/nix/store/w6f7fldssps1997yhvnpjsmy8ad5virm-tenv-3.1.0",
              "default": true
            }
          ],
          "store_path": "/nix/store/w6f7fldssps1997yhvnpjsmy8ad5virm-tenv-3.1.0"
        },
        "x86_64-darwin": {
          "outputs": [
            {
              "name": "out",
              "path": "/nix/store/siia3b0zp3ks25ag0n5ixfh8jbcfvyha-tenv-3.1.0",
              "default": true
            }
          ],
          "store_path": "/nix/store/siia3b0zp3ks25ag0n5ixfh8jbcfvyha-tenv-3.1.0"
        },
        "x86_64-linux": {
          "outputs": [
            {
              "name": "out",
              "path": "/nix/store/5a69d32pzmpp5lfa9028rd61508khfvj-tenv-3.1.0",
              "default": true
            }
          ],
          "store_path": "/nix/store/5a69d32pzmpp5lfa9028rd61508khfvj-tenv-3.1.0"
        }
      }
    },
    "terraform-docs@latest": {
      "last_modified": "2024-11-03T14:18:04Z",
      "resolved": "github:NixOS/nixpkgs/4ae2e647537bcdbb82265469442713d066675275#terraform-docs",
      "source": "devbox-search",
      "version": "0.19.0",
      "systems": {
        "aarch64-darwin": {
          "outputs": [
            {
              "name": "out",
              "path": "/nix/store/1d67mp5b9p6vibwar6bd83zpmm1v731y-terraform-docs-0.19.0",
              "default": true
            }
          ],
          "store_path": "/nix/store/1d67mp5b9p6vibwar6bd83zpmm1v731y-terraform-docs-0.19.0"
        },
        "aarch64-linux": {
          "outputs": [
            {
              "name": "out",
              "path": "/nix/store/m9isscskvv0j6vc3fr6rldlf5xn47qp5-terraform-docs-0.19.0",
              "default": true
            }
          ],
          "store_path": "/nix/store/m9isscskvv0j6vc3fr6rldlf5xn47qp5-terraform-docs-0.19.0"
        },
        "x86_64-darwin": {
          "outputs": [
            {
              "name": "out",
              "path": "/nix/store/bprx7l1zah7spvfr494mmha2b8kdnnsp-terraform-docs-0.19.0",
              "default": true
            }
          ],
          "store_path": "/nix/store/bprx7l1zah7spvfr494mmha2b8kdnnsp-terraform-docs-0.19.0"
        },
        "x86_64-linux": {
          "outputs": [
            {
              "name": "out",
              "path": "/nix/store/i2mpr1h76lwflwx39ckabdkqaxf9bidw-terraform-docs-0.19.0",
              "default": true
            }
          ],
          "store_path": "/nix/store/i2mpr1h76lwflwx39ckabdkqaxf9bidw-terraform-docs-0.19.0"
        }
      }
    },
    "vault@latest": {
      "last_modified": "2024-12-23T21:10:33Z",
      "resolved": "github:NixOS/nixpkgs/de1864217bfa9b5845f465e771e0ecb48b30e02d#vault",
      "source": "devbox-search",
      "version": "1.18.3",
      "systems": {
        "aarch64-darwin": {
          "outputs": [
            {
              "name": "out",
              "path": "/nix/store/l5kmxmjk2w6ivfljzysf43rvvgzqi3n3-vault-1.18.3",
              "default": true
            }
          ],
          "store_path": "/nix/store/l5kmxmjk2w6ivfljzysf43rvvgzqi3n3-vault-1.18.3"
        },
        "aarch64-linux": {
          "outputs": [
            {
              "name": "out",
              "path": "/nix/store/5gfyxajdzacrca4qrcbdjjyz01rr6h2x-vault-1.18.3",
              "default": true
            }
          ],
          "store_path": "/nix/store/5gfyxajdzacrca4qrcbdjjyz01rr6h2x-vault-1.18.3"
        },
        "x86_64-darwin": {
          "outputs": [
            {
              "name": "out",
              "path": "/nix/store/jlcmb2dy2a8m3rql9s5fa21yzxglyh5m-vault-1.18.3",
              "default": true
            }
          ],
          "store_path": "/nix/store/jlcmb2dy2a8m3rql9s5fa21yzxglyh5m-vault-1.18.3"
        },
        "x86_64-linux": {
          "outputs": [
            {
              "name": "out",
              "path": "/nix/store/dqzjn5bpryxqxzdai45iwvhv37nqrkjn-vault-1.18.3",
              "default": true
            }
          ],
          "store_path": "/nix/store/dqzjn5bpryxqxzdai45iwvhv37nqrkjn-vault-1.18.3"
        }
      }
    }
  }
}
